{
    "_readme": [
        "This file locks the dependencies of your project to a known state",
        "Read more about it at http://getcomposer.org/doc/01-basic-usage.md#composer-lock-the-lock-file"
    ],
    "hash": "5083bbaf9eec3ce244b0d901e56017af",
    "packages": [
        {
            "name": "mediawiki/core",
            "version": "1.21.2",
            "source": {
                "type": "git",
                "url": "https://github.com/wikimedia/mediawiki-core.git",
                "reference": "404e36aa5fdaccbebfc53d177304815069a0178c"
            },
            "dist": {
                "type": "zip",
                "url": "https://api.github.com/repos/wikimedia/mediawiki-core/zipball/404e36aa5fdaccbebfc53d177304815069a0178c",
                "reference": "404e36aa5fdaccbebfc53d177304815069a0178c",
                "shasum": ""
            },
            "require": {
                "php": ">=5.3.2"
            },
            "require-dev": {
                "phpunit/phpunit": "*"
            },
            "suggest": {
                "ext-apc": "*",
                "ext-fileinfo": "*",
                "ext-mbstring": "*",
                "ext-wikidiff2": "*"
            },
            "type": "library",
            "notification-url": "https://packagist.org/downloads/",
            "license": [
                "GPL-2.0"
            ],
            "authors": [
                {
                    "name": "MediaWiki Community",
                    "homepage": "https://www.mediawiki.org/wiki/Special:Version/Credits"
                }
            ],
            "description": "Free software wiki application developed by the Wikimedia Foundation and others",
            "homepage": "https://www.mediawiki.org/",
            "keywords": [
                "mediawiki",
                "wiki"
            ],
            "time": "2013-09-04 00:36:46"
        },
        {
            "name": "symfony/console",
            "version": "dev-master",
            "target-dir": "Symfony/Component/Console",
            "source": {
                "type": "git",
                "url": "https://github.com/symfony/Console.git",
                "reference": "608960cd7f7e906e64d6586b9152e308f7ea0ff2"
            },
            "dist": {
                "type": "zip",
                "url": "https://api.github.com/repos/symfony/Console/zipball/608960cd7f7e906e64d6586b9152e308f7ea0ff2",
                "reference": "608960cd7f7e906e64d6586b9152e308f7ea0ff2",
                "shasum": ""
            },
            "require": {
                "php": ">=5.3.3"
            },
            "require-dev": {
                "symfony/event-dispatcher": "~2.1"
            },
            "suggest": {
                "symfony/event-dispatcher": ""
            },
            "type": "library",
            "extra": {
                "branch-alias": {
                    "dev-master": "2.4-dev"
                }
            },
            "autoload": {
                "psr-0": {
                    "Symfony\\Component\\Console\\": ""
                }
            },
            "notification-url": "https://packagist.org/downloads/",
            "license": [
                "MIT"
            ],
            "authors": [
                {
                    "name": "Fabien Potencier",
                    "email": "fabien@symfony.com"
                },
                {
                    "name": "Symfony Community",
                    "homepage": "http://symfony.com/contributors"
                }
            ],
            "description": "Symfony Console Component",
            "homepage": "http://symfony.com",
            "time": "2013-10-16 16:16:10"
        }
    ],
    "packages-dev": [

    ],
    "aliases": [

    ],
    "minimum-stability": "stable",
    "stability-flags": {
        "symfony/console": 20
    },
    "platform": [

    ],
    "platform-dev": [

    ]
}
